
Microsoft Visual Studio Solution File, Format Version 12.00
# Visual Studio Version 16
VisualStudioVersion = 16.0.31402.337
MinimumVisualStudioVersion = 10.0.40219.1
Project("{FAE04EC0-301F-11D3-BF4B-00C04F79EFBC}") = "Entities", "Entities\Entities.csproj", "{735DBEBD-9D18-4496-BF92-40B07E240C2B}"
EndProject
Project("{FAE04EC0-301F-11D3-BF4B-00C04F79EFBC}") = "DataAccess", "DataAccess\DataAccess.csproj", "{D083F4B4-C99F-4782-BA10-15F8D4D7345D}"
EndProject
Project("{FAE04EC0-301F-11D3-BF4B-00C04F79EFBC}") = "Business", "Business\Business.csproj", "{BA1259C8-1FE4-4B0D-B08F-1601587998F0}"
EndProject
Project("{FAE04EC0-301F-11D3-BF4B-00C04F79EFBC}") = "FormsUI", "FormsUI\FormsUI.csproj", "{E19466C2-8D38-4183-8730-0C139FF9381C}"
EndProject
Project("{FAE04EC0-301F-11D3-BF4B-00C04F79EFBC}") = "Core", "..\EMarketDemo\Core\Core.csproj", "{8CB7E981-3CE2-47A4-9A63-ED1F1138E159}"
EndProject
Global
	GlobalSection(SolutionConfigurationPlatforms) = preSolution
		Debug|Any CPU = Debug|Any CPU
		Release|Any CPU = Release|Any CPU
	EndGlobalSection
	GlobalSection(ProjectConfigurationPlatforms) = postSolution
		{735DBEBD-9D18-4496-BF92-40B07E240C2B}.Debug|Any CPU.ActiveCfg = Debug|Any CPU
		{735DBEBD-9D18-4496-BF92-40B07E240C2B}.Debug|Any CPU.Build.0 = Debug|Any CPU
		{735DBEBD-9D18-4496-BF92-40B07E240C2B}.Release|Any CPU.ActiveCfg = Release|Any CPU
		{735DBEBD-9D18-4496-BF92-40B07E240C2B}.Release|Any CPU.Build.0 = Release|Any CPU
		{D083F4B4-C99F-4782-BA10-15F8D4D7345D}.Debug|Any CPU.ActiveCfg = Debug|Any CPU
		{D083F4B4-C99F-4782-BA10-15F8D4D7345D}.Debug|Any CPU.Build.0 = Debug|Any CPU
		{D083F4B4-C99F-4782-BA10-15F8D4D7345D}.Release|Any CPU.ActiveCfg = Release|Any CPU
		{D083F4B4-C99F-4782-BA10-15F8D4D7345D}.Release|Any CPU.Build.0 = Release|Any CPU
		{BA1259C8-1FE4-4B0D-B08F-1601587998F0}.Debug|Any CPU.ActiveCfg = Debug|Any CPU
		{BA1259C8-1FE4-4B0D-B08F-1601587998F0}.Debug|Any CPU.Build.0 = Debug|Any CPU
		{BA1259C8-1FE4-4B0D-B08F-1601587998F0}.Release|Any CPU.ActiveCfg = Release|Any CPU
		{BA1259C8-1FE4-4B0D-B08F-1601587998F0}.Release|Any CPU.Build.0 = Release|Any CPU
		{E19466C2-8D38-4183-8730-0C139FF9381C}.Debug|Any CPU.ActiveCfg = Debug|Any CPU
		{E19466C2-8D38-4183-8730-0C139FF9381C}.Debug|Any CPU.Build.0 = Debug|Any CPU
		{E19466C2-8D38-4183-8730-0C139FF9381C}.Release|Any CPU.ActiveCfg = Release|Any CPU
		{E19466C2-8D38-4183-8730-0C139FF9381C}.Release|Any CPU.Build.0 = Release|Any CPU
		{8CB7E981-3CE2-47A4-9A63-ED1F1138E159}.Debug|Any CPU.ActiveCfg = Debug|Any CPU
		{8CB7E981-3CE2-47A4-9A63-ED1F1138E159}.Debug|Any CPU.Build.0 = Debug|Any CPU
		{8CB7E981-3CE2-47A4-9A63-ED1F1138E159}.Release|Any CPU.ActiveCfg = Release|Any CPU
		{8CB7E981-3CE2-47A4-9A63-ED1F1138E159}.Release|Any CPU.Build.0 = Release|Any CPU
	EndGlobalSection
	GlobalSection(SolutionProperties) = preSolution
		HideSolutionNode = FALSE
	EndGlobalSection
	GlobalSection(ExtensibilityGlobals) = postSolution
		SolutionGuid = {DB8ABB91-34BE-4A92-8D97-B924FF29B739}
	EndGlobalSection
EndGlobal
